<?xml version="1.0" encoding="utf-8"?>
<Project ToolsVersion="4.0" xmlns="http://schemas.microsoft.com/developer/msbuild/2003">
  <ItemGroup>
    <Filter Include="Source Files">
      <UniqueIdentifier>{4FC737F1-C7A5-4376-A066-2A32D752A2FF}</UniqueIdentifier>
      <Extensions>cpp;c;cc;cxx;c++;cppm;ixx;def;odl;idl;hpj;bat;asm;asmx</Extensions>
    </Filter>
    <Filter Include="Header Files">
      <UniqueIdentifier>{93995380-89BD-4b04-88EB-625FBE52EBFB}</UniqueIdentifier>
      <Extensions>h;hh;hpp;hxx;h++;hm;inl;inc;ipp;xsd</Extensions>
    </Filter>
    <Filter Include="Resource Files">
      <UniqueIdentifier>{67DA6AB6-F800-4c08-8B7A-83BB121AAD01}</UniqueIdentifier>
      <Extensions>rc;ico;cur;bmp;dlg;rc2;rct;bin;rgs;gif;jpg;jpeg;jpe;resx;tiff;tif;png;wav;mfcribbon-ms</Extensions>
    </Filter>
    <Filter Include="States">
      <UniqueIdentifier>{d46dc26b-18f0-49ae-b356-019e45949ad7}</UniqueIdentifier>
    </Filter>
    <Filter Include="Resource Files\Levels">
      <UniqueIdentifier>{08fa4aac-4a30-41f9-ab93-443082d9dbae}</UniqueIdentifier>
    </Filter>
    <Filter Include="Resource Files\Fonts">
      <UniqueIdentifier>{a0376146-ae7d-4999-a4db-c2800924546f}</UniqueIdentifier>
    </Filter>
  </ItemGroup>
  <ItemGroup>
    <ClCompile Include="main.cpp">
      <Filter>Source Files</Filter>
    </ClCompile>
    <ClCompile Include="Game.cpp">
      <Filter>Source Files</Filter>
    </ClCompile>
    <ClCompile Include="State.cpp">
      <Filter>States</Filter>
    </ClCompile>
    <ClCompile Include="GameState.cpp">
      <Filter>States</Filter>
    </ClCompile>
    <ClCompile Include="MenuState.cpp">
      <Filter>States</Filter>
    </ClCompile>
    <ClCompile Include="GameLevel.cpp">
      <Filter>Source Files</Filter>
    </ClCompile>
    <ClCompile Include="Player.cpp">
      <Filter>Source Files</Filter>
    </ClCompile>
  </ItemGroup>
  <ItemGroup>
    <ClInclude Include="Game.h">
      <Filter>Header Files</Filter>
    </ClInclude>
    <ClInclude Include="State.h">
      <Filter>States</Filter>
    </ClInclude>
    <ClInclude Include="GameState.h">
      <Filter>States</Filter>
    </ClInclude>
    <ClInclude Include="MenuState.h">
      <Filter>States</Filter>
    </ClInclude>
    <ClInclude Include="GameLevel.h">
      <Filter>Header Files</Filter>
    </ClInclude>
    <ClInclude Include="Player.h">
      <Filter>Header Files</Filter>
    </ClInclude>
  </ItemGroup>
  <ItemGroup>
    <Text Include="Level_7.txt">
      <Filter>Resource Files\Levels</Filter>
    </Text>
    <Text Include="Level_Format.txt">
      <Filter>Resource Files\Levels</Filter>
    </Text>
    <Text Include="Level_1.txt">
      <Filter>Resource Files\Levels</Filter>
    </Text>
    <Text Include="Level_2.txt">
      <Filter>Resource Files\Levels</Filter>
    </Text>
    <Text Include="Level_3.txt">
      <Filter>Resource Files\Levels</Filter>
    </Text>
    <Text Include="Level_5.txt">
      <Filter>Resource Files\Levels</Filter>
    </Text>
    <Text Include="Level_6.txt">
      <Filter>Resource Files\Levels</Filter>
    </Text>
    <Text Include="Level_4.txt">
      <Filter>Resource Files\Levels</Filter>
    </Text>
  </ItemGroup>
  <ItemGroup>
    <Font Include="Ancient_Medium.ttf">
      <Filter>Resource Files\Fonts</Filter>
    </Font>
    <Font Include="Blacklisted.ttf">
      <Filter>Resource Files\Fonts</Filter>
    </Font>
  </ItemGroup>
</Project>